{
  "requires": true,
  "lockfileVersion": 1,
  "dependencies": {
    "oracledb": {
      "version": "4.2.0",
      "resolved": "https://registry.npmjs.org/oracledb/-/oracledb-4.2.0.tgz",
      "integrity": "sha512-07ZylNcUB9wknsiRa7dNqDWgGK3loP8eNWuoCjsiCOZ19PA1g8QLu+0gah7ty82VXl/MOQYFCMl5OpjD9Aqjcw=="
    }
  }
}
